
Microsoft Visual Studio Solution File, Format Version 12.00
# Visual Studio Version 17
VisualStudioVersion = 17.9.34701.34
MinimumVisualStudioVersion = 10.0.40219.1
Project("{8BC9CEB8-8B4A-11D0-8D11-00A0C91BC942}") = "Контраль версий", "Контраль версий\Контраль версий.vcxproj", "{BC1B35DE-D5D0-4468-A8C9-B79B4236DE98}"
EndProject
Global
	GlobalSection(SolutionConfigurationPlatforms) = preSolution
		Debug|x64 = Debug|x64
		Debug|x86 = Debug|x86
		Release|x64 = Release|x64
		Release|x86 = Release|x86
	EndGlobalSection
	GlobalSection(ProjectConfigurationPlatforms) = postSolution
		{BC1B35DE-D5D0-4468-A8C9-B79B4236DE98}.Debug|x64.ActiveCfg = Debug|x64
		{BC1B35DE-D5D0-4468-A8C9-B79B4236DE98}.Debug|x64.Build.0 = Debug|x64
		{BC1B35DE-D5D0-4468-A8C9-B79B4236DE98}.Debug|x86.ActiveCfg = Debug|Win32
		{BC1B35DE-D5D0-4468-A8C9-B79B4236DE98}.Debug|x86.Build.0 = Debug|Win32
		{BC1B35DE-D5D0-4468-A8C9-B79B4236DE98}.Release|x64.ActiveCfg = Release|x64
		{BC1B35DE-D5D0-4468-A8C9-B79B4236DE98}.Release|x64.Build.0 = Release|x64
		{BC1B35DE-D5D0-4468-A8C9-B79B4236DE98}.Release|x86.ActiveCfg = Release|Win32
		{BC1B35DE-D5D0-4468-A8C9-B79B4236DE98}.Release|x86.Build.0 = Release|Win32
	EndGlobalSection
	GlobalSection(SolutionProperties) = preSolution
		HideSolutionNode = FALSE
	EndGlobalSection
	GlobalSection(ExtensibilityGlobals) = postSolution
		SolutionGuid = {C0B76C0B-2D98-48BE-B321-EBCF20A87E48}
	EndGlobalSection
EndGlobal
